
Microsoft Visual Studio Solution File, Format Version 12.00
# Visual Studio 2013
VisualStudioVersion = 12.0.31101.0
MinimumVisualStudioVersion = 10.0.40219.1
Project("{FAE04EC0-301F-11D3-BF4B-00C04F79EFBC}") = "Demo1_Sender", "RMQ_Demo_01\Demo1_Sender.csproj", "{381AF954-A12B-41D7-A18C-4297D354F3AB}"
EndProject
Project("{FAE04EC0-301F-11D3-BF4B-00C04F79EFBC}") = "Demo1_Receiver", "Receiveer\Demo1_Receiver.csproj", "{8979C031-7CD0-47E6-B73C-704C51B87527}"
EndProject
Project("{2150E333-8FDC-42A3-9474-1A3956D46DE8}") = "Demo 01", "Demo 01", "{885FFE87-A1E4-41B1-9A72-176793B3770E}"
	ProjectSection(SolutionItems) = preProject
		Demo1.txt = Demo1.txt
	EndProjectSection
EndProject
Project("{2150E333-8FDC-42A3-9474-1A3956D46DE8}") = "Demo 02", "Demo 02", "{2717A5DF-6F1D-4025-9E8D-CBB023620480}"
EndProject
Project("{FAE04EC0-301F-11D3-BF4B-00C04F79EFBC}") = "NewTask", "NewTask\NewTask.csproj", "{9E162F14-FE20-4DB6-9D69-16744198404D}"
EndProject
Project("{FAE04EC0-301F-11D3-BF4B-00C04F79EFBC}") = "Worker", "Worker\Worker.csproj", "{6E8A0498-757C-4E47-A91D-B11E22718D2D}"
EndProject
Project("{2150E333-8FDC-42A3-9474-1A3956D46DE8}") = "Demo 03 Publish-Subcribe", "Demo 03 Publish-Subcribe", "{27F837A2-5334-4B71-9593-6587A57F3847}"
EndProject
Project("{FAE04EC0-301F-11D3-BF4B-00C04F79EFBC}") = "EmitLog", "EmitLog\EmitLog.csproj", "{44F0A4C6-D764-4FBD-B4B8-31FBCDD181DD}"
EndProject
Project("{FAE04EC0-301F-11D3-BF4B-00C04F79EFBC}") = "ReceiveLogs", "ReceiveLogs\ReceiveLogs.csproj", "{6E1721FE-816F-40A4-9303-27B7EB9E6865}"
EndProject
Project("{2150E333-8FDC-42A3-9474-1A3956D46DE8}") = "Demo 04 Direct exchange", "Demo 04 Direct exchange", "{8C62DF63-0492-4EF8-B6CC-F259F199FAD7}"
EndProject
Project("{FAE04EC0-301F-11D3-BF4B-00C04F79EFBC}") = "EmitLog_Demo4", "EmitLog_Demo4\EmitLog_Demo4.csproj", "{2EE50B65-C044-42B4-9718-E919C4814A9F}"
EndProject
Project("{FAE04EC0-301F-11D3-BF4B-00C04F79EFBC}") = "Receivelog_Demo4", "Receivelog_Demo4\Receivelog_Demo4.csproj", "{BFE502B7-3D79-49A5-AC9A-56A6137249C4}"
EndProject
Project("{2150E333-8FDC-42A3-9474-1A3956D46DE8}") = "Demo 05 Topic Exchange", "Demo 05 Topic Exchange", "{505072DF-E46C-4D1A-BB86-8DC8BEC06B0C}"
EndProject
Project("{FAE04EC0-301F-11D3-BF4B-00C04F79EFBC}") = "Demo05_Emitlog", "Demo05_Emitlog\Demo05_Emitlog.csproj", "{6FBDC81F-E303-4A90-89C7-DCE5FE220E6D}"
EndProject
Project("{FAE04EC0-301F-11D3-BF4B-00C04F79EFBC}") = "Demo05_Receivelog", "Demo05_Receivelog\Demo05_Receivelog.csproj", "{7C6FD572-1623-43F4-BA54-CD6E782F772A}"
EndProject
Project("{2150E333-8FDC-42A3-9474-1A3956D46DE8}") = "Demo 06 RPC", "Demo 06 RPC", "{D44674EB-1FFB-46B3-BF34-A117F16F7221}"
EndProject
Project("{FAE04EC0-301F-11D3-BF4B-00C04F79EFBC}") = "RPCClient", "RPCClient\RPCClient.csproj", "{829FB66D-0666-4144-ABE5-1AE62C5AFD0A}"
EndProject
Project("{FAE04EC0-301F-11D3-BF4B-00C04F79EFBC}") = "RPCServer", "RPCServer\RPCServer.csproj", "{B2D15969-9249-4DF8-A03A-F857EA7B350E}"
EndProject
Project("{2150E333-8FDC-42A3-9474-1A3956D46DE8}") = "Try 01", "Try 01", "{00A160CE-F9BA-4906-8538-3864B64CAD70}"
EndProject
Project("{FAE04EC0-301F-11D3-BF4B-00C04F79EFBC}") = "Sender", "Sender\Sender.csproj", "{19D23607-FEF1-4E24-AE51-6F9F70C6FCE2}"
EndProject
Project("{FAE04EC0-301F-11D3-BF4B-00C04F79EFBC}") = "Receiver", "Receiver\Receiver.csproj", "{0E58C2E5-4A1C-4309-B7E8-B7AA044CE772}"
EndProject
Global
	GlobalSection(SolutionConfigurationPlatforms) = preSolution
		Debug|Any CPU = Debug|Any CPU
		Release|Any CPU = Release|Any CPU
	EndGlobalSection
	GlobalSection(ProjectConfigurationPlatforms) = postSolution
		{381AF954-A12B-41D7-A18C-4297D354F3AB}.Debug|Any CPU.ActiveCfg = Debug|Any CPU
		{381AF954-A12B-41D7-A18C-4297D354F3AB}.Debug|Any CPU.Build.0 = Debug|Any CPU
		{381AF954-A12B-41D7-A18C-4297D354F3AB}.Release|Any CPU.ActiveCfg = Release|Any CPU
		{381AF954-A12B-41D7-A18C-4297D354F3AB}.Release|Any CPU.Build.0 = Release|Any CPU
		{8979C031-7CD0-47E6-B73C-704C51B87527}.Debug|Any CPU.ActiveCfg = Debug|Any CPU
		{8979C031-7CD0-47E6-B73C-704C51B87527}.Debug|Any CPU.Build.0 = Debug|Any CPU
		{8979C031-7CD0-47E6-B73C-704C51B87527}.Release|Any CPU.ActiveCfg = Release|Any CPU
		{8979C031-7CD0-47E6-B73C-704C51B87527}.Release|Any CPU.Build.0 = Release|Any CPU
		{9E162F14-FE20-4DB6-9D69-16744198404D}.Debug|Any CPU.ActiveCfg = Debug|Any CPU
		{9E162F14-FE20-4DB6-9D69-16744198404D}.Debug|Any CPU.Build.0 = Debug|Any CPU
		{9E162F14-FE20-4DB6-9D69-16744198404D}.Release|Any CPU.ActiveCfg = Release|Any CPU
		{9E162F14-FE20-4DB6-9D69-16744198404D}.Release|Any CPU.Build.0 = Release|Any CPU
		{6E8A0498-757C-4E47-A91D-B11E22718D2D}.Debug|Any CPU.ActiveCfg = Debug|Any CPU
		{6E8A0498-757C-4E47-A91D-B11E22718D2D}.Debug|Any CPU.Build.0 = Debug|Any CPU
		{6E8A0498-757C-4E47-A91D-B11E22718D2D}.Release|Any CPU.ActiveCfg = Release|Any CPU
		{6E8A0498-757C-4E47-A91D-B11E22718D2D}.Release|Any CPU.Build.0 = Release|Any CPU
		{44F0A4C6-D764-4FBD-B4B8-31FBCDD181DD}.Debug|Any CPU.ActiveCfg = Debug|Any CPU
		{44F0A4C6-D764-4FBD-B4B8-31FBCDD181DD}.Debug|Any CPU.Build.0 = Debug|Any CPU
		{44F0A4C6-D764-4FBD-B4B8-31FBCDD181DD}.Release|Any CPU.ActiveCfg = Release|Any CPU
		{44F0A4C6-D764-4FBD-B4B8-31FBCDD181DD}.Release|Any CPU.Build.0 = Release|Any CPU
		{6E1721FE-816F-40A4-9303-27B7EB9E6865}.Debug|Any CPU.ActiveCfg = Debug|Any CPU
		{6E1721FE-816F-40A4-9303-27B7EB9E6865}.Debug|Any CPU.Build.0 = Debug|Any CPU
		{6E1721FE-816F-40A4-9303-27B7EB9E6865}.Release|Any CPU.ActiveCfg = Release|Any CPU
		{6E1721FE-816F-40A4-9303-27B7EB9E6865}.Release|Any CPU.Build.0 = Release|Any CPU
		{2EE50B65-C044-42B4-9718-E919C4814A9F}.Debug|Any CPU.ActiveCfg = Debug|Any CPU
		{2EE50B65-C044-42B4-9718-E919C4814A9F}.Debug|Any CPU.Build.0 = Debug|Any CPU
		{2EE50B65-C044-42B4-9718-E919C4814A9F}.Release|Any CPU.ActiveCfg = Release|Any CPU
		{2EE50B65-C044-42B4-9718-E919C4814A9F}.Release|Any CPU.Build.0 = Release|Any CPU
		{BFE502B7-3D79-49A5-AC9A-56A6137249C4}.Debug|Any CPU.ActiveCfg = Debug|Any CPU
		{BFE502B7-3D79-49A5-AC9A-56A6137249C4}.Debug|Any CPU.Build.0 = Debug|Any CPU
		{BFE502B7-3D79-49A5-AC9A-56A6137249C4}.Release|Any CPU.ActiveCfg = Release|Any CPU
		{BFE502B7-3D79-49A5-AC9A-56A6137249C4}.Release|Any CPU.Build.0 = Release|Any CPU
		{6FBDC81F-E303-4A90-89C7-DCE5FE220E6D}.Debug|Any CPU.ActiveCfg = Debug|Any CPU
		{6FBDC81F-E303-4A90-89C7-DCE5FE220E6D}.Debug|Any CPU.Build.0 = Debug|Any CPU
		{6FBDC81F-E303-4A90-89C7-DCE5FE220E6D}.Release|Any CPU.ActiveCfg = Release|Any CPU
		{6FBDC81F-E303-4A90-89C7-DCE5FE220E6D}.Release|Any CPU.Build.0 = Release|Any CPU
		{7C6FD572-1623-43F4-BA54-CD6E782F772A}.Debug|Any CPU.ActiveCfg = Debug|Any CPU
		{7C6FD572-1623-43F4-BA54-CD6E782F772A}.Debug|Any CPU.Build.0 = Debug|Any CPU
		{7C6FD572-1623-43F4-BA54-CD6E782F772A}.Release|Any CPU.ActiveCfg = Release|Any CPU
		{7C6FD572-1623-43F4-BA54-CD6E782F772A}.Release|Any CPU.Build.0 = Release|Any CPU
		{829FB66D-0666-4144-ABE5-1AE62C5AFD0A}.Debug|Any CPU.ActiveCfg = Debug|Any CPU
		{829FB66D-0666-4144-ABE5-1AE62C5AFD0A}.Debug|Any CPU.Build.0 = Debug|Any CPU
		{829FB66D-0666-4144-ABE5-1AE62C5AFD0A}.Release|Any CPU.ActiveCfg = Release|Any CPU
		{829FB66D-0666-4144-ABE5-1AE62C5AFD0A}.Release|Any CPU.Build.0 = Release|Any CPU
		{B2D15969-9249-4DF8-A03A-F857EA7B350E}.Debug|Any CPU.ActiveCfg = Debug|Any CPU
		{B2D15969-9249-4DF8-A03A-F857EA7B350E}.Debug|Any CPU.Build.0 = Debug|Any CPU
		{B2D15969-9249-4DF8-A03A-F857EA7B350E}.Release|Any CPU.ActiveCfg = Release|Any CPU
		{B2D15969-9249-4DF8-A03A-F857EA7B350E}.Release|Any CPU.Build.0 = Release|Any CPU
		{19D23607-FEF1-4E24-AE51-6F9F70C6FCE2}.Debug|Any CPU.ActiveCfg = Debug|Any CPU
		{19D23607-FEF1-4E24-AE51-6F9F70C6FCE2}.Debug|Any CPU.Build.0 = Debug|Any CPU
		{19D23607-FEF1-4E24-AE51-6F9F70C6FCE2}.Release|Any CPU.ActiveCfg = Release|Any CPU
		{19D23607-FEF1-4E24-AE51-6F9F70C6FCE2}.Release|Any CPU.Build.0 = Release|Any CPU
		{0E58C2E5-4A1C-4309-B7E8-B7AA044CE772}.Debug|Any CPU.ActiveCfg = Debug|Any CPU
		{0E58C2E5-4A1C-4309-B7E8-B7AA044CE772}.Debug|Any CPU.Build.0 = Debug|Any CPU
		{0E58C2E5-4A1C-4309-B7E8-B7AA044CE772}.Release|Any CPU.ActiveCfg = Release|Any CPU
		{0E58C2E5-4A1C-4309-B7E8-B7AA044CE772}.Release|Any CPU.Build.0 = Release|Any CPU
	EndGlobalSection
	GlobalSection(SolutionProperties) = preSolution
		HideSolutionNode = FALSE
	EndGlobalSection
	GlobalSection(NestedProjects) = preSolution
		{381AF954-A12B-41D7-A18C-4297D354F3AB} = {885FFE87-A1E4-41B1-9A72-176793B3770E}
		{8979C031-7CD0-47E6-B73C-704C51B87527} = {885FFE87-A1E4-41B1-9A72-176793B3770E}
		{9E162F14-FE20-4DB6-9D69-16744198404D} = {2717A5DF-6F1D-4025-9E8D-CBB023620480}
		{6E8A0498-757C-4E47-A91D-B11E22718D2D} = {2717A5DF-6F1D-4025-9E8D-CBB023620480}
		{44F0A4C6-D764-4FBD-B4B8-31FBCDD181DD} = {27F837A2-5334-4B71-9593-6587A57F3847}
		{6E1721FE-816F-40A4-9303-27B7EB9E6865} = {27F837A2-5334-4B71-9593-6587A57F3847}
		{2EE50B65-C044-42B4-9718-E919C4814A9F} = {8C62DF63-0492-4EF8-B6CC-F259F199FAD7}
		{BFE502B7-3D79-49A5-AC9A-56A6137249C4} = {8C62DF63-0492-4EF8-B6CC-F259F199FAD7}
		{6FBDC81F-E303-4A90-89C7-DCE5FE220E6D} = {505072DF-E46C-4D1A-BB86-8DC8BEC06B0C}
		{7C6FD572-1623-43F4-BA54-CD6E782F772A} = {505072DF-E46C-4D1A-BB86-8DC8BEC06B0C}
		{829FB66D-0666-4144-ABE5-1AE62C5AFD0A} = {D44674EB-1FFB-46B3-BF34-A117F16F7221}
		{B2D15969-9249-4DF8-A03A-F857EA7B350E} = {D44674EB-1FFB-46B3-BF34-A117F16F7221}
		{19D23607-FEF1-4E24-AE51-6F9F70C6FCE2} = {00A160CE-F9BA-4906-8538-3864B64CAD70}
		{0E58C2E5-4A1C-4309-B7E8-B7AA044CE772} = {00A160CE-F9BA-4906-8538-3864B64CAD70}
	EndGlobalSection
EndGlobal
