
Microsoft Visual Studio Solution File, Format Version 12.00
# Visual Studio 2012
Project("{FAE04EC0-301F-11D3-BF4B-00C04F79EFBC}") = "vidu01", "vidu01\vidu01.csproj", "{6D3D4A95-689B-4C27-9185-E053A95CC064}"
EndProject
Global
	GlobalSection(SolutionConfigurationPlatforms) = preSolution
		Debug|Any CPU = Debug|Any CPU
		Release|Any CPU = Release|Any CPU
	EndGlobalSection
	GlobalSection(ProjectConfigurationPlatforms) = postSolution
		{6D3D4A95-689B-4C27-9185-E053A95CC064}.Debug|Any CPU.ActiveCfg = Debug|Any CPU
		{6D3D4A95-689B-4C27-9185-E053A95CC064}.Debug|Any CPU.Build.0 = Debug|Any CPU
		{6D3D4A95-689B-4C27-9185-E053A95CC064}.Release|Any CPU.ActiveCfg = Release|Any CPU
		{6D3D4A95-689B-4C27-9185-E053A95CC064}.Release|Any CPU.Build.0 = Release|Any CPU
	EndGlobalSection
	GlobalSection(SolutionProperties) = preSolution
		HideSolutionNode = FALSE
	EndGlobalSection
EndGlobal
